
Microsoft Visual Studio Solution File, Format Version 12.00
# Visual Studio Version 16
VisualStudioVersion = 16.0.30804.86
MinimumVisualStudioVersion = 10.0.40219.1
Project("{FAE04EC0-301F-11D3-BF4B-00C04F79EFBC}") = "DelegatesDemo", "DelegatesDemo.csproj", "{61A8F3F7-C51B-4234-A920-947CE5F5C6D0}"
EndProject
Global
	GlobalSection(SolutionConfigurationPlatforms) = preSolution
		Debug|Any CPU = Debug|Any CPU
		Release|Any CPU = Release|Any CPU
	EndGlobalSection
	GlobalSection(ProjectConfigurationPlatforms) = postSolution
		{61A8F3F7-C51B-4234-A920-947CE5F5C6D0}.Debug|Any CPU.ActiveCfg = Debug|Any CPU
		{61A8F3F7-C51B-4234-A920-947CE5F5C6D0}.Debug|Any CPU.Build.0 = Debug|Any CPU
		{61A8F3F7-C51B-4234-A920-947CE5F5C6D0}.Release|Any CPU.ActiveCfg = Release|Any CPU
		{61A8F3F7-C51B-4234-A920-947CE5F5C6D0}.Release|Any CPU.Build.0 = Release|Any CPU
	EndGlobalSection
	GlobalSection(SolutionProperties) = preSolution
		HideSolutionNode = FALSE
	EndGlobalSection
	GlobalSection(ExtensibilityGlobals) = postSolution
		SolutionGuid = {FDA83444-4BAD-43DB-80A1-E59F66F45D1B}
	EndGlobalSection
EndGlobal
