
Microsoft Visual Studio Solution File, Format Version 12.00
# Visual Studio Version 16
VisualStudioVersion = 16.0.30804.86
MinimumVisualStudioVersion = 10.0.40219.1
Project("{FAE04EC0-301F-11D3-BF4B-00C04F79EFBC}") = "CodinGames", "CodinGames.csproj", "{6B2CE3FB-464A-4C67-8F8F-CCACEE46B7F7}"
EndProject
Global
	GlobalSection(SolutionConfigurationPlatforms) = preSolution
		Debug|Any CPU = Debug|Any CPU
		Release|Any CPU = Release|Any CPU
	EndGlobalSection
	GlobalSection(ProjectConfigurationPlatforms) = postSolution
		{6B2CE3FB-464A-4C67-8F8F-CCACEE46B7F7}.Debug|Any CPU.ActiveCfg = Debug|Any CPU
		{6B2CE3FB-464A-4C67-8F8F-CCACEE46B7F7}.Debug|Any CPU.Build.0 = Debug|Any CPU
		{6B2CE3FB-464A-4C67-8F8F-CCACEE46B7F7}.Release|Any CPU.ActiveCfg = Release|Any CPU
		{6B2CE3FB-464A-4C67-8F8F-CCACEE46B7F7}.Release|Any CPU.Build.0 = Release|Any CPU
	EndGlobalSection
	GlobalSection(SolutionProperties) = preSolution
		HideSolutionNode = FALSE
	EndGlobalSection
	GlobalSection(ExtensibilityGlobals) = postSolution
		SolutionGuid = {65636F9C-B059-409B-8BC8-34A54BDAC7B6}
	EndGlobalSection
EndGlobal
