
Microsoft Visual Studio Solution File, Format Version 12.00
# Visual Studio Version 16
VisualStudioVersion = 16.0.30804.86
MinimumVisualStudioVersion = 10.0.40219.1
Project("{FAE04EC0-301F-11D3-BF4B-00C04F79EFBC}") = "TuplesDemo", "TuplesDemo.csproj", "{1E71C10C-44F9-432F-A9A9-E1CF37D4E00A}"
EndProject
Global
	GlobalSection(SolutionConfigurationPlatforms) = preSolution
		Debug|Any CPU = Debug|Any CPU
		Release|Any CPU = Release|Any CPU
	EndGlobalSection
	GlobalSection(ProjectConfigurationPlatforms) = postSolution
		{1E71C10C-44F9-432F-A9A9-E1CF37D4E00A}.Debug|Any CPU.ActiveCfg = Debug|Any CPU
		{1E71C10C-44F9-432F-A9A9-E1CF37D4E00A}.Debug|Any CPU.Build.0 = Debug|Any CPU
		{1E71C10C-44F9-432F-A9A9-E1CF37D4E00A}.Release|Any CPU.ActiveCfg = Release|Any CPU
		{1E71C10C-44F9-432F-A9A9-E1CF37D4E00A}.Release|Any CPU.Build.0 = Release|Any CPU
	EndGlobalSection
	GlobalSection(SolutionProperties) = preSolution
		HideSolutionNode = FALSE
	EndGlobalSection
	GlobalSection(ExtensibilityGlobals) = postSolution
		SolutionGuid = {52D5730C-3EA2-4922-A2D7-880532DBCB9A}
	EndGlobalSection
EndGlobal
